<?xml version="1.0" encoding="utf-8"?>
<Project ToolsVersion="4.0" xmlns="http://schemas.microsoft.com/developer/msbuild/2003">
  <ItemGroup>
    <Filter Include="Source Files">
      <UniqueIdentifier>{4FC737F1-C7A5-4376-A066-2A32D752A2FF}</UniqueIdentifier>
      <Extensions>cpp;c;cc;cxx;def;odl;idl;hpj;bat;asm;asmx</Extensions>
    </Filter>
    <Filter Include="Header Files">
      <UniqueIdentifier>{93995380-89BD-4b04-88EB-625FBE52EBFB}</UniqueIdentifier>
      <Extensions>h;hh;hpp;hxx;hm;inl;inc;xsd</Extensions>
    </Filter>
    <Filter Include="Resource Files">
      <UniqueIdentifier>{67DA6AB6-F800-4c08-8B7A-83BB121AAD01}</UniqueIdentifier>
      <Extensions>rc;ico;cur;bmp;dlg;rc2;rct;bin;rgs;gif;jpg;jpeg;jpe;resx;tiff;tif;png;wav;mfcribbon-ms</Extensions>
    </Filter>
  </ItemGroup>
  <ItemGroup>
    <ClInclude Include="ext\sse_mathfun.h"><Filter>Header Files</Filter></ClInclude>
    <ClInclude Include="include\Core.hpp"><Filter>Header Files</Filter></ClInclude>
    <ClInclude Include="include\Core\Base.hpp"><Filter>Header Files</Filter></ClInclude>
    <ClInclude Include="include\Core\Conversions.hpp"><Filter>Header Files</Filter></ClInclude>
    <ClInclude Include="include\Core\Half.hpp"><Filter>Header Files</Filter></ClInclude>
    <ClInclude Include="include\Core\Matrix3.hpp"><Filter>Header Files</Filter></ClInclude>
    <ClInclude Include="include\Core\Matrix4.hpp"><Filter>Header Files</Filter></ClInclude>
    <ClInclude Include="include\Core\Popcount.hpp"><Filter>Header Files</Filter></ClInclude>
    <ClInclude Include="include\Core\RGB888.hpp"><Filter>Header Files</Filter></ClInclude>
    <ClInclude Include="include\Core\RGBA8888.hpp"><Filter>Header Files</Filter></ClInclude>
    <ClInclude Include="include\Core\Vector2.hpp"><Filter>Header Files</Filter></ClInclude>
    <ClInclude Include="include\Core\Vector2d.hpp"><Filter>Header Files</Filter></ClInclude>
    <ClInclude Include="include\Core\Vector2i.hpp"><Filter>Header Files</Filter></ClInclude>
    <ClInclude Include="include\Core\Vector3.hpp"><Filter>Header Files</Filter></ClInclude>
    <ClInclude Include="include\Core\Vector3d.hpp"><Filter>Header Files</Filter></ClInclude>
    <ClInclude Include="include\Core\Vector3i.hpp"><Filter>Header Files</Filter></ClInclude>
    <ClInclude Include="include\Core\Vector4.hpp"><Filter>Header Files</Filter></ClInclude>
    <ClInclude Include="include\Core\Vector4d.hpp"><Filter>Header Files</Filter></ClInclude>
    <ClInclude Include="include\Core\Vector4i.hpp"><Filter>Header Files</Filter></ClInclude>
    <ClInclude Include="include\Extended.hpp"><Filter>Header Files</Filter></ClInclude>
    <ClInclude Include="include\Extended\AABB2.hpp"><Filter>Header Files</Filter></ClInclude>
    <ClInclude Include="include\Extended\AABB2d.hpp"><Filter>Header Files</Filter></ClInclude>
    <ClInclude Include="include\Extended\AABB2i.hpp"><Filter>Header Files</Filter></ClInclude>
    <ClInclude Include="include\Extended\AABB3.hpp"><Filter>Header Files</Filter></ClInclude>
    <ClInclude Include="include\Extended\Functions.hpp"><Filter>Header Files</Filter></ClInclude>
    <ClInclude Include="include\Extended\IProjection.hpp"><Filter>Header Files</Filter></ClInclude>
    <ClInclude Include="include\Extended\LineSimplification.hpp"><Filter>Header Files</Filter></ClInclude>
    <ClInclude Include="include\Extended\Maps.hpp"><Filter>Header Files</Filter></ClInclude>
    <ClInclude Include="include\Extended\OrthoFrame3.hpp"><Filter>Header Files</Filter></ClInclude>
    <ClInclude Include="include\Extended\OrthoProjection.hpp"><Filter>Header Files</Filter></ClInclude>
    <ClInclude Include="include\Extended\PerspectiveProjection.hpp"><Filter>Header Files</Filter></ClInclude>
    <ClInclude Include="include\Extended\Xform3.hpp"><Filter>Header Files</Filter></ClInclude>
    <ClInclude Include="test\Tests.hpp"><Filter>Header Files</Filter></ClInclude>
    <ClInclude Include="test\TestsInternal.hpp"><Filter>Header Files</Filter></ClInclude>
  </ItemGroup>
  <ItemGroup>
    <Text Include="include\Core\Half.txt" />
  </ItemGroup>
  <ItemGroup>
    <ClCompile Include="test\test_Vector4.cpp">
      <Filter>Source Files</Filter>
    </ClCompile>
    <ClCompile Include="test\Benchmarks.cpp">
      <Filter>Source Files</Filter>
    </ClCompile>
  </ItemGroup>
</Project>